
Microsoft Visual Studio Solution File, Format Version 12.00
# Visual Studio Version 16
VisualStudioVersion = 16.0.29806.167
MinimumVisualStudioVersion = 10.0.40219.1
Project("{FAE04EC0-301F-11D3-BF4B-00C04F79EFBC}") = "EmailApp", "EmailApp\EmailApp.csproj", "{8831CDFE-A994-4436-9BF8-AF3C589974E7}"
EndProject
Global
	GlobalSection(SolutionConfigurationPlatforms) = preSolution
		Debug|Any CPU = Debug|Any CPU
		Release|Any CPU = Release|Any CPU
	EndGlobalSection
	GlobalSection(ProjectConfigurationPlatforms) = postSolution
		{8831CDFE-A994-4436-9BF8-AF3C589974E7}.Debug|Any CPU.ActiveCfg = Debug|Any CPU
		{8831CDFE-A994-4436-9BF8-AF3C589974E7}.Debug|Any CPU.Build.0 = Debug|Any CPU
		{8831CDFE-A994-4436-9BF8-AF3C589974E7}.Release|Any CPU.ActiveCfg = Release|Any CPU
		{8831CDFE-A994-4436-9BF8-AF3C589974E7}.Release|Any CPU.Build.0 = Release|Any CPU
	EndGlobalSection
	GlobalSection(SolutionProperties) = preSolution
		HideSolutionNode = FALSE
	EndGlobalSection
	GlobalSection(ExtensibilityGlobals) = postSolution
		SolutionGuid = {61FD9672-F041-4C3E-961D-0946E29FDC79}
	EndGlobalSection
EndGlobal
