
Microsoft Visual Studio Solution File, Format Version 12.00
# Visual Studio Version 16
VisualStudioVersion = 16.0.32428.217
MinimumVisualStudioVersion = 10.0.40219.1
Project("{FAE04EC0-301F-11D3-BF4B-00C04F79EFBC}") = "MySQLApp", "MySQLApp\MySQLApp.csproj", "{0BE1B69C-BFB4-4EC2-8C58-0F11A914E7FC}"
EndProject
Global
	GlobalSection(SolutionConfigurationPlatforms) = preSolution
		Debug|Any CPU = Debug|Any CPU
		Release|Any CPU = Release|Any CPU
	EndGlobalSection
	GlobalSection(ProjectConfigurationPlatforms) = postSolution
		{0BE1B69C-BFB4-4EC2-8C58-0F11A914E7FC}.Debug|Any CPU.ActiveCfg = Debug|Any CPU
		{0BE1B69C-BFB4-4EC2-8C58-0F11A914E7FC}.Debug|Any CPU.Build.0 = Debug|Any CPU
		{0BE1B69C-BFB4-4EC2-8C58-0F11A914E7FC}.Release|Any CPU.ActiveCfg = Release|Any CPU
		{0BE1B69C-BFB4-4EC2-8C58-0F11A914E7FC}.Release|Any CPU.Build.0 = Release|Any CPU
	EndGlobalSection
	GlobalSection(SolutionProperties) = preSolution
		HideSolutionNode = FALSE
	EndGlobalSection
	GlobalSection(ExtensibilityGlobals) = postSolution
		SolutionGuid = {6900E894-2B29-4E29-9172-945063F566CF}
	EndGlobalSection
EndGlobal
